
Microsoft Visual Studio Solution File, Format Version 12.00
# Visual Studio 2012
Project("{FAE04EC0-301F-11D3-BF4B-00C04F79EFBC}") = "Instruct.Core", "Instruct.Core\Instruct.Core.csproj", "{78EBDC0D-7868-4242-B46F-F4D0C37510B8}"
EndProject
Project("{FAE04EC0-301F-11D3-BF4B-00C04F79EFBC}") = "Instruct.Android", "Instruct.Android\Instruct.Android.csproj", "{03F6B26A-8F35-4BC5-B1DF-14C8FC84A229}"
EndProject
Project("{FAE04EC0-301F-11D3-BF4B-00C04F79EFBC}") = "Instruct.iOS", "Instruct.iOS\Instruct.iOS.csproj", "{577CB47C-54E1-4C58-9B77-03EC41FDC9F7}"
EndProject
Project("{FAE04EC0-301F-11D3-BF4B-00C04F79EFBC}") = "Instruct.Core.Tests", "Instruct.Core.Tests\Instruct.Core.Tests.csproj", "{37D63841-E392-4A8A-A764-1BCA0F4FF417}"
EndProject
Project("{2150E333-8FDC-42A3-9474-1A3956D46DE8}") = "0. UI", "0. UI", "{C30A1344-987F-42F8-A128-D4A4ADD8C319}"
EndProject
Project("{2150E333-8FDC-42A3-9474-1A3956D46DE8}") = "1. Logic", "1. Logic", "{1113426A-E345-43C8-B452-457A60EAADAC}"
EndProject
Project("{2150E333-8FDC-42A3-9474-1A3956D46DE8}") = "2. Tests", "2. Tests", "{0FA7955A-1078-4E4F-BC13-BFB2F0BA1425}"
EndProject
Project("{FAE04EC0-301F-11D3-BF4B-00C04F79EFBC}") = "Instruct.WindowsStore", "Instruct.WindowsStore\Instruct.WindowsStore.csproj", "{D9307EB1-1F6A-4156-873F-394D28216B17}"
EndProject
Global
	GlobalSection(SolutionConfigurationPlatforms) = preSolution
		Ad-Hoc|Any CPU = Ad-Hoc|Any CPU
		Ad-Hoc|ARM = Ad-Hoc|ARM
		Ad-Hoc|iPhone = Ad-Hoc|iPhone
		Ad-Hoc|iPhoneSimulator = Ad-Hoc|iPhoneSimulator
		Ad-Hoc|Mixed Platforms = Ad-Hoc|Mixed Platforms
		Ad-Hoc|x64 = Ad-Hoc|x64
		Ad-Hoc|x86 = Ad-Hoc|x86
		AppStore|Any CPU = AppStore|Any CPU
		AppStore|ARM = AppStore|ARM
		AppStore|iPhone = AppStore|iPhone
		AppStore|iPhoneSimulator = AppStore|iPhoneSimulator
		AppStore|Mixed Platforms = AppStore|Mixed Platforms
		AppStore|x64 = AppStore|x64
		AppStore|x86 = AppStore|x86
		Debug|Any CPU = Debug|Any CPU
		Debug|ARM = Debug|ARM
		Debug|iPhone = Debug|iPhone
		Debug|iPhoneSimulator = Debug|iPhoneSimulator
		Debug|Mixed Platforms = Debug|Mixed Platforms
		Debug|x64 = Debug|x64
		Debug|x86 = Debug|x86
		Release|Any CPU = Release|Any CPU
		Release|ARM = Release|ARM
		Release|iPhone = Release|iPhone
		Release|iPhoneSimulator = Release|iPhoneSimulator
		Release|Mixed Platforms = Release|Mixed Platforms
		Release|x64 = Release|x64
		Release|x86 = Release|x86
	EndGlobalSection
	GlobalSection(ProjectConfigurationPlatforms) = postSolution
		{78EBDC0D-7868-4242-B46F-F4D0C37510B8}.Ad-Hoc|Any CPU.ActiveCfg = Release|Any CPU
		{78EBDC0D-7868-4242-B46F-F4D0C37510B8}.Ad-Hoc|Any CPU.Build.0 = Release|Any CPU
		{78EBDC0D-7868-4242-B46F-F4D0C37510B8}.Ad-Hoc|ARM.ActiveCfg = Debug|Any CPU
		{78EBDC0D-7868-4242-B46F-F4D0C37510B8}.Ad-Hoc|iPhone.ActiveCfg = Release|Any CPU
		{78EBDC0D-7868-4242-B46F-F4D0C37510B8}.Ad-Hoc|iPhoneSimulator.ActiveCfg = Release|Any CPU
		{78EBDC0D-7868-4242-B46F-F4D0C37510B8}.Ad-Hoc|Mixed Platforms.ActiveCfg = Release|Any CPU
		{78EBDC0D-7868-4242-B46F-F4D0C37510B8}.Ad-Hoc|Mixed Platforms.Build.0 = Release|Any CPU
		{78EBDC0D-7868-4242-B46F-F4D0C37510B8}.Ad-Hoc|x64.ActiveCfg = Debug|Any CPU
		{78EBDC0D-7868-4242-B46F-F4D0C37510B8}.Ad-Hoc|x86.ActiveCfg = Debug|Any CPU
		{78EBDC0D-7868-4242-B46F-F4D0C37510B8}.AppStore|Any CPU.ActiveCfg = Release|Any CPU
		{78EBDC0D-7868-4242-B46F-F4D0C37510B8}.AppStore|Any CPU.Build.0 = Release|Any CPU
		{78EBDC0D-7868-4242-B46F-F4D0C37510B8}.AppStore|ARM.ActiveCfg = Debug|Any CPU
		{78EBDC0D-7868-4242-B46F-F4D0C37510B8}.AppStore|iPhone.ActiveCfg = Release|Any CPU
		{78EBDC0D-7868-4242-B46F-F4D0C37510B8}.AppStore|iPhoneSimulator.ActiveCfg = Release|Any CPU
		{78EBDC0D-7868-4242-B46F-F4D0C37510B8}.AppStore|Mixed Platforms.ActiveCfg = Release|Any CPU
		{78EBDC0D-7868-4242-B46F-F4D0C37510B8}.AppStore|Mixed Platforms.Build.0 = Release|Any CPU
		{78EBDC0D-7868-4242-B46F-F4D0C37510B8}.AppStore|x64.ActiveCfg = Debug|Any CPU
		{78EBDC0D-7868-4242-B46F-F4D0C37510B8}.AppStore|x86.ActiveCfg = Debug|Any CPU
		{78EBDC0D-7868-4242-B46F-F4D0C37510B8}.Debug|Any CPU.ActiveCfg = Debug|Any CPU
		{78EBDC0D-7868-4242-B46F-F4D0C37510B8}.Debug|Any CPU.Build.0 = Debug|Any CPU
		{78EBDC0D-7868-4242-B46F-F4D0C37510B8}.Debug|ARM.ActiveCfg = Debug|Any CPU
		{78EBDC0D-7868-4242-B46F-F4D0C37510B8}.Debug|iPhone.ActiveCfg = Debug|Any CPU
		{78EBDC0D-7868-4242-B46F-F4D0C37510B8}.Debug|iPhoneSimulator.ActiveCfg = Debug|Any CPU
		{78EBDC0D-7868-4242-B46F-F4D0C37510B8}.Debug|Mixed Platforms.ActiveCfg = Debug|Any CPU
		{78EBDC0D-7868-4242-B46F-F4D0C37510B8}.Debug|Mixed Platforms.Build.0 = Debug|Any CPU
		{78EBDC0D-7868-4242-B46F-F4D0C37510B8}.Debug|x64.ActiveCfg = Debug|Any CPU
		{78EBDC0D-7868-4242-B46F-F4D0C37510B8}.Debug|x86.ActiveCfg = Debug|Any CPU
		{78EBDC0D-7868-4242-B46F-F4D0C37510B8}.Release|Any CPU.ActiveCfg = Release|Any CPU
		{78EBDC0D-7868-4242-B46F-F4D0C37510B8}.Release|Any CPU.Build.0 = Release|Any CPU
		{78EBDC0D-7868-4242-B46F-F4D0C37510B8}.Release|ARM.ActiveCfg = Release|Any CPU
		{78EBDC0D-7868-4242-B46F-F4D0C37510B8}.Release|iPhone.ActiveCfg = Release|Any CPU
		{78EBDC0D-7868-4242-B46F-F4D0C37510B8}.Release|iPhoneSimulator.ActiveCfg = Release|Any CPU
		{78EBDC0D-7868-4242-B46F-F4D0C37510B8}.Release|Mixed Platforms.ActiveCfg = Release|Any CPU
		{78EBDC0D-7868-4242-B46F-F4D0C37510B8}.Release|Mixed Platforms.Build.0 = Release|Any CPU
		{78EBDC0D-7868-4242-B46F-F4D0C37510B8}.Release|x64.ActiveCfg = Release|Any CPU
		{78EBDC0D-7868-4242-B46F-F4D0C37510B8}.Release|x86.ActiveCfg = Release|Any CPU
		{03F6B26A-8F35-4BC5-B1DF-14C8FC84A229}.Ad-Hoc|Any CPU.ActiveCfg = Release|Any CPU
		{03F6B26A-8F35-4BC5-B1DF-14C8FC84A229}.Ad-Hoc|Any CPU.Build.0 = Release|Any CPU
		{03F6B26A-8F35-4BC5-B1DF-14C8FC84A229}.Ad-Hoc|Any CPU.Deploy.0 = Release|Any CPU
		{03F6B26A-8F35-4BC5-B1DF-14C8FC84A229}.Ad-Hoc|ARM.ActiveCfg = Debug|Any CPU
		{03F6B26A-8F35-4BC5-B1DF-14C8FC84A229}.Ad-Hoc|iPhone.ActiveCfg = Release|Any CPU
		{03F6B26A-8F35-4BC5-B1DF-14C8FC84A229}.Ad-Hoc|iPhoneSimulator.ActiveCfg = Release|Any CPU
		{03F6B26A-8F35-4BC5-B1DF-14C8FC84A229}.Ad-Hoc|Mixed Platforms.ActiveCfg = Release|Any CPU
		{03F6B26A-8F35-4BC5-B1DF-14C8FC84A229}.Ad-Hoc|Mixed Platforms.Build.0 = Release|Any CPU
		{03F6B26A-8F35-4BC5-B1DF-14C8FC84A229}.Ad-Hoc|Mixed Platforms.Deploy.0 = Release|Any CPU
		{03F6B26A-8F35-4BC5-B1DF-14C8FC84A229}.Ad-Hoc|x64.ActiveCfg = Debug|Any CPU
		{03F6B26A-8F35-4BC5-B1DF-14C8FC84A229}.Ad-Hoc|x86.ActiveCfg = Debug|Any CPU
		{03F6B26A-8F35-4BC5-B1DF-14C8FC84A229}.AppStore|Any CPU.ActiveCfg = Release|Any CPU
		{03F6B26A-8F35-4BC5-B1DF-14C8FC84A229}.AppStore|Any CPU.Build.0 = Release|Any CPU
		{03F6B26A-8F35-4BC5-B1DF-14C8FC84A229}.AppStore|Any CPU.Deploy.0 = Release|Any CPU
		{03F6B26A-8F35-4BC5-B1DF-14C8FC84A229}.AppStore|ARM.ActiveCfg = Debug|Any CPU
		{03F6B26A-8F35-4BC5-B1DF-14C8FC84A229}.AppStore|iPhone.ActiveCfg = Release|Any CPU
		{03F6B26A-8F35-4BC5-B1DF-14C8FC84A229}.AppStore|iPhoneSimulator.ActiveCfg = Release|Any CPU
		{03F6B26A-8F35-4BC5-B1DF-14C8FC84A229}.AppStore|Mixed Platforms.ActiveCfg = Release|Any CPU
		{03F6B26A-8F35-4BC5-B1DF-14C8FC84A229}.AppStore|Mixed Platforms.Build.0 = Release|Any CPU
		{03F6B26A-8F35-4BC5-B1DF-14C8FC84A229}.AppStore|Mixed Platforms.Deploy.0 = Release|Any CPU
		{03F6B26A-8F35-4BC5-B1DF-14C8FC84A229}.AppStore|x64.ActiveCfg = Debug|Any CPU
		{03F6B26A-8F35-4BC5-B1DF-14C8FC84A229}.AppStore|x86.ActiveCfg = Debug|Any CPU
		{03F6B26A-8F35-4BC5-B1DF-14C8FC84A229}.Debug|Any CPU.ActiveCfg = Debug|Any CPU
		{03F6B26A-8F35-4BC5-B1DF-14C8FC84A229}.Debug|Any CPU.Build.0 = Debug|Any CPU
		{03F6B26A-8F35-4BC5-B1DF-14C8FC84A229}.Debug|Any CPU.Deploy.0 = Debug|Any CPU
		{03F6B26A-8F35-4BC5-B1DF-14C8FC84A229}.Debug|ARM.ActiveCfg = Debug|Any CPU
		{03F6B26A-8F35-4BC5-B1DF-14C8FC84A229}.Debug|iPhone.ActiveCfg = Debug|Any CPU
		{03F6B26A-8F35-4BC5-B1DF-14C8FC84A229}.Debug|iPhoneSimulator.ActiveCfg = Debug|Any CPU
		{03F6B26A-8F35-4BC5-B1DF-14C8FC84A229}.Debug|Mixed Platforms.ActiveCfg = Debug|Any CPU
		{03F6B26A-8F35-4BC5-B1DF-14C8FC84A229}.Debug|Mixed Platforms.Build.0 = Debug|Any CPU
		{03F6B26A-8F35-4BC5-B1DF-14C8FC84A229}.Debug|Mixed Platforms.Deploy.0 = Debug|Any CPU
		{03F6B26A-8F35-4BC5-B1DF-14C8FC84A229}.Debug|x64.ActiveCfg = Debug|Any CPU
		{03F6B26A-8F35-4BC5-B1DF-14C8FC84A229}.Debug|x86.ActiveCfg = Debug|Any CPU
		{03F6B26A-8F35-4BC5-B1DF-14C8FC84A229}.Release|Any CPU.ActiveCfg = Release|Any CPU
		{03F6B26A-8F35-4BC5-B1DF-14C8FC84A229}.Release|Any CPU.Build.0 = Release|Any CPU
		{03F6B26A-8F35-4BC5-B1DF-14C8FC84A229}.Release|Any CPU.Deploy.0 = Release|Any CPU
		{03F6B26A-8F35-4BC5-B1DF-14C8FC84A229}.Release|ARM.ActiveCfg = Release|Any CPU
		{03F6B26A-8F35-4BC5-B1DF-14C8FC84A229}.Release|iPhone.ActiveCfg = Release|Any CPU
		{03F6B26A-8F35-4BC5-B1DF-14C8FC84A229}.Release|iPhoneSimulator.ActiveCfg = Release|Any CPU
		{03F6B26A-8F35-4BC5-B1DF-14C8FC84A229}.Release|Mixed Platforms.ActiveCfg = Release|Any CPU
		{03F6B26A-8F35-4BC5-B1DF-14C8FC84A229}.Release|Mixed Platforms.Build.0 = Release|Any CPU
		{03F6B26A-8F35-4BC5-B1DF-14C8FC84A229}.Release|Mixed Platforms.Deploy.0 = Release|Any CPU
		{03F6B26A-8F35-4BC5-B1DF-14C8FC84A229}.Release|x64.ActiveCfg = Release|Any CPU
		{03F6B26A-8F35-4BC5-B1DF-14C8FC84A229}.Release|x86.ActiveCfg = Release|Any CPU
		{577CB47C-54E1-4C58-9B77-03EC41FDC9F7}.Ad-Hoc|Any CPU.ActiveCfg = Ad-Hoc|iPhone
		{577CB47C-54E1-4C58-9B77-03EC41FDC9F7}.Ad-Hoc|ARM.ActiveCfg = Ad-Hoc|iPhoneSimulator
		{577CB47C-54E1-4C58-9B77-03EC41FDC9F7}.Ad-Hoc|iPhone.ActiveCfg = Ad-Hoc|iPhone
		{577CB47C-54E1-4C58-9B77-03EC41FDC9F7}.Ad-Hoc|iPhone.Build.0 = Ad-Hoc|iPhone
		{577CB47C-54E1-4C58-9B77-03EC41FDC9F7}.Ad-Hoc|iPhoneSimulator.ActiveCfg = Ad-Hoc|iPhoneSimulator
		{577CB47C-54E1-4C58-9B77-03EC41FDC9F7}.Ad-Hoc|iPhoneSimulator.Build.0 = Ad-Hoc|iPhoneSimulator
		{577CB47C-54E1-4C58-9B77-03EC41FDC9F7}.Ad-Hoc|Mixed Platforms.ActiveCfg = Ad-Hoc|iPhone
		{577CB47C-54E1-4C58-9B77-03EC41FDC9F7}.Ad-Hoc|Mixed Platforms.Build.0 = Ad-Hoc|iPhone
		{577CB47C-54E1-4C58-9B77-03EC41FDC9F7}.Ad-Hoc|x64.ActiveCfg = Ad-Hoc|iPhoneSimulator
		{577CB47C-54E1-4C58-9B77-03EC41FDC9F7}.Ad-Hoc|x86.ActiveCfg = Ad-Hoc|iPhoneSimulator
		{577CB47C-54E1-4C58-9B77-03EC41FDC9F7}.AppStore|Any CPU.ActiveCfg = AppStore|iPhone
		{577CB47C-54E1-4C58-9B77-03EC41FDC9F7}.AppStore|ARM.ActiveCfg = AppStore|iPhoneSimulator
		{577CB47C-54E1-4C58-9B77-03EC41FDC9F7}.AppStore|iPhone.ActiveCfg = AppStore|iPhone
		{577CB47C-54E1-4C58-9B77-03EC41FDC9F7}.AppStore|iPhone.Build.0 = AppStore|iPhone
		{577CB47C-54E1-4C58-9B77-03EC41FDC9F7}.AppStore|iPhoneSimulator.ActiveCfg = AppStore|iPhoneSimulator
		{577CB47C-54E1-4C58-9B77-03EC41FDC9F7}.AppStore|iPhoneSimulator.Build.0 = AppStore|iPhoneSimulator
		{577CB47C-54E1-4C58-9B77-03EC41FDC9F7}.AppStore|Mixed Platforms.ActiveCfg = AppStore|iPhone
		{577CB47C-54E1-4C58-9B77-03EC41FDC9F7}.AppStore|Mixed Platforms.Build.0 = AppStore|iPhone
		{577CB47C-54E1-4C58-9B77-03EC41FDC9F7}.AppStore|x64.ActiveCfg = AppStore|iPhoneSimulator
		{577CB47C-54E1-4C58-9B77-03EC41FDC9F7}.AppStore|x86.ActiveCfg = AppStore|iPhoneSimulator
		{577CB47C-54E1-4C58-9B77-03EC41FDC9F7}.Debug|Any CPU.ActiveCfg = Debug|iPhone
		{577CB47C-54E1-4C58-9B77-03EC41FDC9F7}.Debug|ARM.ActiveCfg = Debug|iPhoneSimulator
		{577CB47C-54E1-4C58-9B77-03EC41FDC9F7}.Debug|iPhone.ActiveCfg = Debug|iPhone
		{577CB47C-54E1-4C58-9B77-03EC41FDC9F7}.Debug|iPhone.Build.0 = Debug|iPhone
		{577CB47C-54E1-4C58-9B77-03EC41FDC9F7}.Debug|iPhoneSimulator.ActiveCfg = Debug|iPhoneSimulator
		{577CB47C-54E1-4C58-9B77-03EC41FDC9F7}.Debug|iPhoneSimulator.Build.0 = Debug|iPhoneSimulator
		{577CB47C-54E1-4C58-9B77-03EC41FDC9F7}.Debug|Mixed Platforms.ActiveCfg = Debug|iPhone
		{577CB47C-54E1-4C58-9B77-03EC41FDC9F7}.Debug|Mixed Platforms.Build.0 = Debug|iPhone
		{577CB47C-54E1-4C58-9B77-03EC41FDC9F7}.Debug|x64.ActiveCfg = Debug|iPhoneSimulator
		{577CB47C-54E1-4C58-9B77-03EC41FDC9F7}.Debug|x86.ActiveCfg = Debug|iPhoneSimulator
		{577CB47C-54E1-4C58-9B77-03EC41FDC9F7}.Release|Any CPU.ActiveCfg = Release|iPhone
		{577CB47C-54E1-4C58-9B77-03EC41FDC9F7}.Release|ARM.ActiveCfg = Release|iPhoneSimulator
		{577CB47C-54E1-4C58-9B77-03EC41FDC9F7}.Release|iPhone.ActiveCfg = Release|iPhone
		{577CB47C-54E1-4C58-9B77-03EC41FDC9F7}.Release|iPhone.Build.0 = Release|iPhone
		{577CB47C-54E1-4C58-9B77-03EC41FDC9F7}.Release|iPhoneSimulator.ActiveCfg = Release|iPhoneSimulator
		{577CB47C-54E1-4C58-9B77-03EC41FDC9F7}.Release|iPhoneSimulator.Build.0 = Release|iPhoneSimulator
		{577CB47C-54E1-4C58-9B77-03EC41FDC9F7}.Release|Mixed Platforms.ActiveCfg = Release|iPhone
		{577CB47C-54E1-4C58-9B77-03EC41FDC9F7}.Release|Mixed Platforms.Build.0 = Release|iPhone
		{577CB47C-54E1-4C58-9B77-03EC41FDC9F7}.Release|x64.ActiveCfg = Release|iPhoneSimulator
		{577CB47C-54E1-4C58-9B77-03EC41FDC9F7}.Release|x86.ActiveCfg = Release|iPhoneSimulator
		{37D63841-E392-4A8A-A764-1BCA0F4FF417}.Ad-Hoc|Any CPU.ActiveCfg = Release|Any CPU
		{37D63841-E392-4A8A-A764-1BCA0F4FF417}.Ad-Hoc|Any CPU.Build.0 = Release|Any CPU
		{37D63841-E392-4A8A-A764-1BCA0F4FF417}.Ad-Hoc|ARM.ActiveCfg = Debug|Any CPU
		{37D63841-E392-4A8A-A764-1BCA0F4FF417}.Ad-Hoc|iPhone.ActiveCfg = Release|Any CPU
		{37D63841-E392-4A8A-A764-1BCA0F4FF417}.Ad-Hoc|iPhoneSimulator.ActiveCfg = Release|Any CPU
		{37D63841-E392-4A8A-A764-1BCA0F4FF417}.Ad-Hoc|Mixed Platforms.ActiveCfg = Release|Any CPU
		{37D63841-E392-4A8A-A764-1BCA0F4FF417}.Ad-Hoc|Mixed Platforms.Build.0 = Release|Any CPU
		{37D63841-E392-4A8A-A764-1BCA0F4FF417}.Ad-Hoc|x64.ActiveCfg = Debug|Any CPU
		{37D63841-E392-4A8A-A764-1BCA0F4FF417}.Ad-Hoc|x86.ActiveCfg = Debug|Any CPU
		{37D63841-E392-4A8A-A764-1BCA0F4FF417}.AppStore|Any CPU.ActiveCfg = Release|Any CPU
		{37D63841-E392-4A8A-A764-1BCA0F4FF417}.AppStore|Any CPU.Build.0 = Release|Any CPU
		{37D63841-E392-4A8A-A764-1BCA0F4FF417}.AppStore|ARM.ActiveCfg = Debug|Any CPU
		{37D63841-E392-4A8A-A764-1BCA0F4FF417}.AppStore|iPhone.ActiveCfg = Release|Any CPU
		{37D63841-E392-4A8A-A764-1BCA0F4FF417}.AppStore|iPhoneSimulator.ActiveCfg = Release|Any CPU
		{37D63841-E392-4A8A-A764-1BCA0F4FF417}.AppStore|Mixed Platforms.ActiveCfg = Release|Any CPU
		{37D63841-E392-4A8A-A764-1BCA0F4FF417}.AppStore|Mixed Platforms.Build.0 = Release|Any CPU
		{37D63841-E392-4A8A-A764-1BCA0F4FF417}.AppStore|x64.ActiveCfg = Debug|Any CPU
		{37D63841-E392-4A8A-A764-1BCA0F4FF417}.AppStore|x86.ActiveCfg = Debug|Any CPU
		{37D63841-E392-4A8A-A764-1BCA0F4FF417}.Debug|Any CPU.ActiveCfg = Debug|Any CPU
		{37D63841-E392-4A8A-A764-1BCA0F4FF417}.Debug|Any CPU.Build.0 = Debug|Any CPU
		{37D63841-E392-4A8A-A764-1BCA0F4FF417}.Debug|ARM.ActiveCfg = Debug|Any CPU
		{37D63841-E392-4A8A-A764-1BCA0F4FF417}.Debug|iPhone.ActiveCfg = Debug|Any CPU
		{37D63841-E392-4A8A-A764-1BCA0F4FF417}.Debug|iPhoneSimulator.ActiveCfg = Debug|Any CPU
		{37D63841-E392-4A8A-A764-1BCA0F4FF417}.Debug|iPhoneSimulator.Build.0 = Debug|Any CPU
		{37D63841-E392-4A8A-A764-1BCA0F4FF417}.Debug|Mixed Platforms.ActiveCfg = Debug|Any CPU
		{37D63841-E392-4A8A-A764-1BCA0F4FF417}.Debug|Mixed Platforms.Build.0 = Debug|Any CPU
		{37D63841-E392-4A8A-A764-1BCA0F4FF417}.Debug|x64.ActiveCfg = Debug|Any CPU
		{37D63841-E392-4A8A-A764-1BCA0F4FF417}.Debug|x86.ActiveCfg = Debug|Any CPU
		{37D63841-E392-4A8A-A764-1BCA0F4FF417}.Release|Any CPU.ActiveCfg = Release|Any CPU
		{37D63841-E392-4A8A-A764-1BCA0F4FF417}.Release|Any CPU.Build.0 = Release|Any CPU
		{37D63841-E392-4A8A-A764-1BCA0F4FF417}.Release|ARM.ActiveCfg = Release|Any CPU
		{37D63841-E392-4A8A-A764-1BCA0F4FF417}.Release|iPhone.ActiveCfg = Release|Any CPU
		{37D63841-E392-4A8A-A764-1BCA0F4FF417}.Release|iPhoneSimulator.ActiveCfg = Release|Any CPU
		{37D63841-E392-4A8A-A764-1BCA0F4FF417}.Release|Mixed Platforms.ActiveCfg = Release|Any CPU
		{37D63841-E392-4A8A-A764-1BCA0F4FF417}.Release|Mixed Platforms.Build.0 = Release|Any CPU
		{37D63841-E392-4A8A-A764-1BCA0F4FF417}.Release|x64.ActiveCfg = Release|Any CPU
		{37D63841-E392-4A8A-A764-1BCA0F4FF417}.Release|x86.ActiveCfg = Release|Any CPU
		{D9307EB1-1F6A-4156-873F-394D28216B17}.Ad-Hoc|Any CPU.ActiveCfg = Release|Any CPU
		{D9307EB1-1F6A-4156-873F-394D28216B17}.Ad-Hoc|Any CPU.Build.0 = Release|Any CPU
		{D9307EB1-1F6A-4156-873F-394D28216B17}.Ad-Hoc|Any CPU.Deploy.0 = Release|Any CPU
		{D9307EB1-1F6A-4156-873F-394D28216B17}.Ad-Hoc|ARM.ActiveCfg = Release|ARM
		{D9307EB1-1F6A-4156-873F-394D28216B17}.Ad-Hoc|ARM.Build.0 = Release|ARM
		{D9307EB1-1F6A-4156-873F-394D28216B17}.Ad-Hoc|ARM.Deploy.0 = Release|ARM
		{D9307EB1-1F6A-4156-873F-394D28216B17}.Ad-Hoc|iPhone.ActiveCfg = Release|Any CPU
		{D9307EB1-1F6A-4156-873F-394D28216B17}.Ad-Hoc|iPhoneSimulator.ActiveCfg = Release|Any CPU
		{D9307EB1-1F6A-4156-873F-394D28216B17}.Ad-Hoc|Mixed Platforms.ActiveCfg = Release|x86
		{D9307EB1-1F6A-4156-873F-394D28216B17}.Ad-Hoc|Mixed Platforms.Build.0 = Release|x86
		{D9307EB1-1F6A-4156-873F-394D28216B17}.Ad-Hoc|Mixed Platforms.Deploy.0 = Release|x86
		{D9307EB1-1F6A-4156-873F-394D28216B17}.Ad-Hoc|x64.ActiveCfg = Release|x64
		{D9307EB1-1F6A-4156-873F-394D28216B17}.Ad-Hoc|x64.Build.0 = Release|x64
		{D9307EB1-1F6A-4156-873F-394D28216B17}.Ad-Hoc|x64.Deploy.0 = Release|x64
		{D9307EB1-1F6A-4156-873F-394D28216B17}.Ad-Hoc|x86.ActiveCfg = Release|x86
		{D9307EB1-1F6A-4156-873F-394D28216B17}.Ad-Hoc|x86.Build.0 = Release|x86
		{D9307EB1-1F6A-4156-873F-394D28216B17}.Ad-Hoc|x86.Deploy.0 = Release|x86
		{D9307EB1-1F6A-4156-873F-394D28216B17}.AppStore|Any CPU.ActiveCfg = Release|Any CPU
		{D9307EB1-1F6A-4156-873F-394D28216B17}.AppStore|Any CPU.Build.0 = Release|Any CPU
		{D9307EB1-1F6A-4156-873F-394D28216B17}.AppStore|Any CPU.Deploy.0 = Release|Any CPU
		{D9307EB1-1F6A-4156-873F-394D28216B17}.AppStore|ARM.ActiveCfg = Release|ARM
		{D9307EB1-1F6A-4156-873F-394D28216B17}.AppStore|ARM.Build.0 = Release|ARM
		{D9307EB1-1F6A-4156-873F-394D28216B17}.AppStore|ARM.Deploy.0 = Release|ARM
		{D9307EB1-1F6A-4156-873F-394D28216B17}.AppStore|iPhone.ActiveCfg = Release|Any CPU
		{D9307EB1-1F6A-4156-873F-394D28216B17}.AppStore|iPhoneSimulator.ActiveCfg = Release|Any CPU
		{D9307EB1-1F6A-4156-873F-394D28216B17}.AppStore|Mixed Platforms.ActiveCfg = Release|x86
		{D9307EB1-1F6A-4156-873F-394D28216B17}.AppStore|Mixed Platforms.Build.0 = Release|x86
		{D9307EB1-1F6A-4156-873F-394D28216B17}.AppStore|Mixed Platforms.Deploy.0 = Release|x86
		{D9307EB1-1F6A-4156-873F-394D28216B17}.AppStore|x64.ActiveCfg = Release|x64
		{D9307EB1-1F6A-4156-873F-394D28216B17}.AppStore|x64.Build.0 = Release|x64
		{D9307EB1-1F6A-4156-873F-394D28216B17}.AppStore|x64.Deploy.0 = Release|x64
		{D9307EB1-1F6A-4156-873F-394D28216B17}.AppStore|x86.ActiveCfg = Release|x86
		{D9307EB1-1F6A-4156-873F-394D28216B17}.AppStore|x86.Build.0 = Release|x86
		{D9307EB1-1F6A-4156-873F-394D28216B17}.AppStore|x86.Deploy.0 = Release|x86
		{D9307EB1-1F6A-4156-873F-394D28216B17}.Debug|Any CPU.ActiveCfg = Debug|Any CPU
		{D9307EB1-1F6A-4156-873F-394D28216B17}.Debug|Any CPU.Build.0 = Debug|Any CPU
		{D9307EB1-1F6A-4156-873F-394D28216B17}.Debug|Any CPU.Deploy.0 = Debug|Any CPU
		{D9307EB1-1F6A-4156-873F-394D28216B17}.Debug|ARM.ActiveCfg = Debug|ARM
		{D9307EB1-1F6A-4156-873F-394D28216B17}.Debug|ARM.Build.0 = Debug|ARM
		{D9307EB1-1F6A-4156-873F-394D28216B17}.Debug|ARM.Deploy.0 = Debug|ARM
		{D9307EB1-1F6A-4156-873F-394D28216B17}.Debug|iPhone.ActiveCfg = Debug|Any CPU
		{D9307EB1-1F6A-4156-873F-394D28216B17}.Debug|iPhoneSimulator.ActiveCfg = Debug|Any CPU
		{D9307EB1-1F6A-4156-873F-394D28216B17}.Debug|Mixed Platforms.ActiveCfg = Debug|x86
		{D9307EB1-1F6A-4156-873F-394D28216B17}.Debug|Mixed Platforms.Build.0 = Debug|x86
		{D9307EB1-1F6A-4156-873F-394D28216B17}.Debug|Mixed Platforms.Deploy.0 = Debug|x86
		{D9307EB1-1F6A-4156-873F-394D28216B17}.Debug|x64.ActiveCfg = Debug|x64
		{D9307EB1-1F6A-4156-873F-394D28216B17}.Debug|x64.Build.0 = Debug|x64
		{D9307EB1-1F6A-4156-873F-394D28216B17}.Debug|x64.Deploy.0 = Debug|x64
		{D9307EB1-1F6A-4156-873F-394D28216B17}.Debug|x86.ActiveCfg = Debug|x86
		{D9307EB1-1F6A-4156-873F-394D28216B17}.Debug|x86.Build.0 = Debug|x86
		{D9307EB1-1F6A-4156-873F-394D28216B17}.Debug|x86.Deploy.0 = Debug|x86
		{D9307EB1-1F6A-4156-873F-394D28216B17}.Release|Any CPU.ActiveCfg = Release|Any CPU
		{D9307EB1-1F6A-4156-873F-394D28216B17}.Release|Any CPU.Build.0 = Release|Any CPU
		{D9307EB1-1F6A-4156-873F-394D28216B17}.Release|Any CPU.Deploy.0 = Release|Any CPU
		{D9307EB1-1F6A-4156-873F-394D28216B17}.Release|ARM.ActiveCfg = Release|ARM
		{D9307EB1-1F6A-4156-873F-394D28216B17}.Release|ARM.Build.0 = Release|ARM
		{D9307EB1-1F6A-4156-873F-394D28216B17}.Release|ARM.Deploy.0 = Release|ARM
		{D9307EB1-1F6A-4156-873F-394D28216B17}.Release|iPhone.ActiveCfg = Release|Any CPU
		{D9307EB1-1F6A-4156-873F-394D28216B17}.Release|iPhoneSimulator.ActiveCfg = Release|Any CPU
		{D9307EB1-1F6A-4156-873F-394D28216B17}.Release|Mixed Platforms.ActiveCfg = Release|x86
		{D9307EB1-1F6A-4156-873F-394D28216B17}.Release|Mixed Platforms.Build.0 = Release|x86
		{D9307EB1-1F6A-4156-873F-394D28216B17}.Release|Mixed Platforms.Deploy.0 = Release|x86
		{D9307EB1-1F6A-4156-873F-394D28216B17}.Release|x64.ActiveCfg = Release|x64
		{D9307EB1-1F6A-4156-873F-394D28216B17}.Release|x64.Build.0 = Release|x64
		{D9307EB1-1F6A-4156-873F-394D28216B17}.Release|x64.Deploy.0 = Release|x64
		{D9307EB1-1F6A-4156-873F-394D28216B17}.Release|x86.ActiveCfg = Release|x86
		{D9307EB1-1F6A-4156-873F-394D28216B17}.Release|x86.Build.0 = Release|x86
		{D9307EB1-1F6A-4156-873F-394D28216B17}.Release|x86.Deploy.0 = Release|x86
	EndGlobalSection
	GlobalSection(SolutionProperties) = preSolution
		HideSolutionNode = FALSE
	EndGlobalSection
	GlobalSection(NestedProjects) = preSolution
		{03F6B26A-8F35-4BC5-B1DF-14C8FC84A229} = {C30A1344-987F-42F8-A128-D4A4ADD8C319}
		{577CB47C-54E1-4C58-9B77-03EC41FDC9F7} = {C30A1344-987F-42F8-A128-D4A4ADD8C319}
		{D9307EB1-1F6A-4156-873F-394D28216B17} = {C30A1344-987F-42F8-A128-D4A4ADD8C319}
		{78EBDC0D-7868-4242-B46F-F4D0C37510B8} = {1113426A-E345-43C8-B452-457A60EAADAC}
		{37D63841-E392-4A8A-A764-1BCA0F4FF417} = {0FA7955A-1078-4E4F-BC13-BFB2F0BA1425}
	EndGlobalSection
EndGlobal
